// !$*UTF8*$!
{
	archiveVersion = 1;
	classes = {
	};
	objectVersion = 46;
	objects = {

/* Begin PBXBuildFile section */
		B1CED2BF1D5D351A007460F1 /* AppDelegate.swift in Sources */ = {isa = PBXBuildFile; fileRef = B1CED2BE1D5D351A007460F1 /* AppDelegate.swift */; };
		B1CED2C11D5D351A007460F1 /* ViewController.swift in Sources */ = {isa = PBXBuildFile; fileRef = B1CED2C01D5D351A007460F1 /* ViewController.swift */; };
		B1CED2C41D5D351A007460F1 /* Main.storyboard in Resources */ = {isa = PBXBuildFile; fileRef = B1CED2C21D5D351A007460F1 /* Main.storyboard */; };
		B1CED2C61D5D351A007460F1 /* Assets.xcassets in Resources */ = {isa = PBXBuildFile; fileRef = B1CED2C51D5D351A007460F1 /* Assets.xcassets */; };
		B1CED2C91D5D351A007460F1 /* LaunchScreen.storyboard in Resources */ = {isa = PBXBuildFile; fileRef = B1CED2C71D5D351A007460F1 /* LaunchScreen.storyboard */; };
		B1CED2D41D5D351A007460F1 /* BluetoothTestTests.swift in Sources */ = {isa = PBXBuildFile; fileRef = B1CED2D31D5D351A007460F1 /* BluetoothTestTests.swift */; };
		B1CED2DF1D5D351A007460F1 /* BluetoothTestUITests.swift in Sources */ = {isa = PBXBuildFile; fileRef = B1CED2DE1D5D351A007460F1 /* BluetoothTestUITests.swift */; };
/* End PBXBuildFile section */

/* Begin PBXContainerItemProxy section */
		B1CED2D01D5D351A007460F1 /* PBXContainerItemProxy */ = {
			isa = PBXContainerItemProxy;
			containerPortal = B1CED2B31D5D351A007460F1 /* Project object */;
			proxyType = 1;
			remoteGlobalIDString = B1CED2BA1D5D351A007460F1;
			remoteInfo = BluetoothTest;
		};
		B1CED2DB1D5D351A007460F1 /* PBXContainerItemProxy */ = {
			isa = PBXContainerItemProxy;
			containerPortal = B1CED2B31D5D351A007460F1 /* Project object */;
			proxyType = 1;
			remoteGlobalIDString = B1CED2BA1D5D351A007460F1;
			remoteInfo = BluetoothTest;
		};
/* End PBXContainerItemProxy section */

/* Begin PBXFileReference section */
		B1CED2BB1D5D351A007460F1 /* BluetoothTest.app */ = {isa = PBXFileReference; explicitFileType = wrapper.application; includeInIndex = 0; path = BluetoothTest.app; sourceTree = BUILT_PRODUCTS_DIR; };
		B1CED2BE1D5D351A007460F1 /* AppDelegate.swift */ = {isa = PBXFileReference; lastKnownFileType = sourcecode.swift; path = AppDelegate.swift; sourceTree = "<group>"; };
		B1CED2C01D5D351A007460F1 /* ViewController.swift */ = {isa = PBXFileReference; lastKnownFileType = sourcecode.swift; path = ViewController.swift; sourceTree = "<group>"; };
		B1CED2C31D5D351A007460F1 /* Base */ = {isa = PBXFileReference; lastKnownFileType = file.storyboard; name = Base; path = Base.lproj/Main.storyboard; sourceTree = "<group>"; };
		B1CED2C51D5D351A007460F1 /* Assets.xcassets */ = {isa = PBXFileReference; lastKnownFileType = folder.assetcatalog; path = Assets.xcassets; sourceTree = "<group>"; };
		B1CED2C81D5D351A007460F1 /* Base */ = {isa = PBXFileReference; lastKnownFileType = file.storyboard; name = Base; path = Base.lproj/LaunchScreen.storyboard; sourceTree = "<group>"; };
		B1CED2CA1D5D351A007460F1 /* Info.plist */ = {isa = PBXFileReference; lastKnownFileType = text.plist.xml; path = Info.plist; sourceTree = "<group>"; };
		B1CED2CF1D5D351A007460F1 /* BluetoothTestTests.xctest */ = {isa = PBXFileReference; explicitFileType = wrapper.cfbundle; includeInIndex = 0; path = BluetoothTestTests.xctest; sourceTree = BUILT_PRODUCTS_DIR; };
		B1CED2D31D5D351A007460F1 /* BluetoothTestTests.swift */ = {isa = PBXFileReference; lastKnownFileType = sourcecode.swift; path = BluetoothTestTests.swift; sourceTree = "<group>"; };
		B1CED2D51D5D351A007460F1 /* Info.plist */ = {isa = PBXFileReference; lastKnownFileType = text.plist.xml; path = Info.plist; sourceTree = "<group>"; };
		B1CED2DA1D5D351A007460F1 /* BluetoothTestUITests.xctest */ = {isa = PBXFileReference; explicitFileType = wrapper.cfbundle; includeInIndex = 0; path = BluetoothTestUITests.xctest; sourceTree = BUILT_PRODUCTS_DIR; };
		B1CED2DE1D5D351A007460F1 /* BluetoothTestUITests.swift */ = {isa = PBXFileReference; lastKnownFileType = sourcecode.swift; path = BluetoothTestUITests.swift; sourceTree = "<group>"; };
		B1CED2E01D5D351A007460F1 /* Info.plist */ = {isa = PBXFileReference; lastKnownFileType = text.plist.xml; path = Info.plist; sourceTree = "<group>"; };
/* End PBXFileReference section */

/* Begin PBXFrameworksBuildPhase section */
		B1CED2B81D5D351A007460F1 /* Frameworks */ = {
			isa = PBXFrameworksBuildPhase;
			buildActionMask = 2147483647;
			files = (
			);
			runOnlyForDeploymentPostprocessing = 0;
		};
		B1CED2CC1D5D351A007460F1 /* Frameworks */ = {
			isa = PBXFrameworksBuildPhase;
			buildActionMask = 2147483647;
			files = (
			);
			runOnlyForDeploymentPostprocessing = 0;
		};
		B1CED2D71D5D351A007460F1 /* Frameworks */ = {
			isa = PBXFrameworksBuildPhase;
			buildActionMask = 2147483647;
			files = (
			);
			runOnlyForDeploymentPostprocessing = 0;
		};
/* End PBXFrameworksBuildPhase section */

/* Begin PBXGroup section */
		B1CED2B21D5D351A007460F1 = {
			isa = PBXGroup;
			children = (
				B1CED2BD1D5D351A007460F1 /* BluetoothTest */,
				B1CED2D21D5D351A007460F1 /* BluetoothTestTests */,
				B1CED2DD1D5D351A007460F1 /* BluetoothTestUITests */,
				B1CED2BC1D5D351A007460F1 /* Products */,
			);
			sourceTree = "<group>";
		};
		B1CED2BC1D5D351A007460F1 /* Products */ = {
			isa = PBXGroup;
			children = (
				B1CED2BB1D5D351A007460F1 /* BluetoothTest.app */,
				B1CED2CF1D5D351A007460F1 /* BluetoothTestTests.xctest */,
				B1CED2DA1D5D351A007460F1 /* BluetoothTestUITests.xctest */,
			);
			name = Products;
			sourceTree = "<group>";
		};
		B1CED2BD1D5D351A007460F1 /* BluetoothTest */ = {
			isa = PBXGroup;
			children = (
				B1CED2BE1D5D351A007460F1 /* AppDelegate.swift */,
				B1CED2C01D5D351A007460F1 /* ViewController.swift */,
				B1CED2C21D5D351A007460F1 /* Main.storyboard */,
				B1CED2C51D5D351A007460F1 /* Assets.xcassets */,
				B1CED2C71D5D351A007460F1 /* LaunchScreen.storyboard */,
				B1CED2CA1D5D351A007460F1 /* Info.plist */,
			);
			path = BluetoothTest;
			sourceTree = "<group>";
		};
		B1CED2D21D5D351A007460F1 /* BluetoothTestTests */ = {
			isa = PBXGroup;
			children = (
				B1CED2D31D5D351A007460F1 /* BluetoothTestTests.swift */,
				B1CED2D51D5D351A007460F1 /* Info.plist */,
			);
			path = BluetoothTestTests;
			sourceTree = "<group>";
		};
		B1CED2DD1D5D351A007460F1 /* BluetoothTestUITests */ = {
			isa = PBXGroup;
			children = (
				B1CED2DE1D5D351A007460F1 /* BluetoothTestUITests.swift */,
				B1CED2E01D5D351A007460F1 /* Info.plist */,
			);
			path = BluetoothTestUITests;
			sourceTree = "<group>";
		};
/* End PBXGroup section */

/* Begin PBXNativeTarget section */
		B1CED2BA1D5D351A007460F1 /* BluetoothTest */ = {
			isa = PBXNativeTarget;
			buildConfigurationList = B1CED2E31D5D351A007460F1 /* Build configuration list for PBXNativeTarget "BluetoothTest" */;
			buildPhases = (
				B1CED2B71D5D351A007460F1 /* Sources */,
				B1CED2B81D5D351A007460F1 /* Frameworks */,
				B1CED2B91D5D351A007460F1 /* Resources */,
			);
			buildRules = (
			);
			dependencies = (
			);
			name = BluetoothTest;
			productName = BluetoothTest;
			productReference = B1CED2BB1D5D351A007460F1 /* BluetoothTest.app */;
			productType = "com.apple.product-type.application";
		};
		B1CED2CE1D5D351A007460F1 /* BluetoothTestTests */ = {
			isa = PBXNativeTarget;
			buildConfigurationList = B1CED2E61D5D351A007460F1 /* Build configuration list for PBXNativeTarget "BluetoothTestTests" */;
			buildPhases = (
				B1CED2CB1D5D351A007460F1 /* Sources */,
				B1CED2CC1D5D351A007460F1 /* Frameworks */,
				B1CED2CD1D5D351A007460F1 /* Resources */,
			);
			buildRules = (
			);
			dependencies = (
				B1CED2D11D5D351A007460F1 /* PBXTargetDependency */,
			);
			name = BluetoothTestTests;
			productName = BluetoothTestTests;
			productReference = B1CED2CF1D5D351A007460F1 /* BluetoothTestTests.xctest */;
			productType = "com.apple.product-type.bundle.unit-test";
		};
		B1CED2D91D5D351A007460F1 /* BluetoothTestUITests */ = {
			isa = PBXNativeTarget;
			buildConfigurationList = B1CED2E91D5D351A007460F1 /* Build configuration list for PBXNativeTarget "BluetoothTestUITests" */;
			buildPhases = (
				B1CED2D61D5D351A007460F1 /* Sources */,
				B1CED2D71D5D351A007460F1 /* Frameworks */,
				B1CED2D81D5D351A007460F1 /* Resources */,
			);
			buildRules = (
			);
			dependencies = (
				B1CED2DC1D5D351A007460F1 /* PBXTargetDependency */,
			);
			name = BluetoothTestUITests;
			productName = BluetoothTestUITests;
			productReference = B1CED2DA1D5D351A007460F1 /* BluetoothTestUITests.xctest */;
			productType = "com.apple.product-type.bundle.ui-testing";
		};
/* End PBXNativeTarget section */

/* Begin PBXProject section */
		B1CED2B31D5D351A007460F1 /* Project object */ = {
			isa = PBXProject;
			attributes = {
				LastSwiftUpdateCheck = 0730;
				LastUpgradeCheck = 0730;
				ORGANIZATIONNAME = "Luyuan Xing";
				TargetAttributes = {
					B1CED2BA1D5D351A007460F1 = {
						CreatedOnToolsVersion = 7.3.1;
						DevelopmentTeam = LAF286FY7D;
					};
					B1CED2CE1D5D351A007460F1 = {
						CreatedOnToolsVersion = 7.3.1;
						DevelopmentTeam = LAF286FY7D;
						TestTargetID = B1CED2BA1D5D351A007460F1;
					};
					B1CED2D91D5D351A007460F1 = {
						CreatedOnToolsVersion = 7.3.1;
						DevelopmentTeam = LAF286FY7D;
						TestTargetID = B1CED2BA1D5D351A007460F1;
					};
				};
			};
			buildConfigurationList = B1CED2B61D5D351A007460F1 /* Build configuration list for PBXProject "BluetoothTest" */;
			compatibilityVersion = "Xcode 3.2";
			developmentRegion = English;
			hasScannedForEncodings = 0;
			knownRegions = (
				en,
				Base,
			);
			mainGroup = B1CED2B21D5D351A007460F1;
			productRefGroup = B1CED2BC1D5D351A007460F1 /* Products */;
			projectDirPath = "";
			projectRoot = "";
			targets = (
				B1CED2BA1D5D351A007460F1 /* BluetoothTest */,
				B1CED2CE1D5D351A007460F1 /* BluetoothTestTests */,
				B1CED2D91D5D351A007460F1 /* BluetoothTestUITests */,
			);
		};
/* End PBXProject section */

/* Begin PBXResourcesBuildPhase section */
		B1CED2B91D5D351A007460F1 /* Resources */ = {
			isa = PBXResourcesBuildPhase;
			buildActionMask = 2147483647;
			files = (
				B1CED2C91D5D351A007460F1 /* LaunchScreen.storyboard in Resources */,
				B1CED2C61D5D351A007460F1 /* Assets.xcassets in Resources */,
				B1CED2C41D5D351A007460F1 /* Main.storyboard in Resources */,
			);
			runOnlyForDeploymentPostprocessing = 0;
		};
		B1CED2CD1D5D351A007460F1 /* Resources */ = {
			isa = PBXResourcesBuildPhase;
			buildActionMask = 2147483647;
			files = (
			);
			runOnlyForDeploymentPostprocessing = 0;
		};
		B1CED2D81D5D351A007460F1 /* Resources */ = {
			isa = PBXResourcesBuildPhase;
			buildActionMask = 2147483647;
			files = (
			);
			runOnlyForDeploymentPostprocessing = 0;
		};
/* End PBXResourcesBuildPhase section */

/* Begin PBXSourcesBuildPhase section */
		B1CED2B71D5D351A007460F1 /* Sources */ = {
			isa = PBXSourcesBuildPhase;
			buildActionMask = 2147483647;
			files = (
				B1CED2C11D5D351A007460F1 /* ViewController.swift in Sources */,
				B1CED2BF1D5D351A007460F1 /* AppDelegate.swift in Sources */,
			);
			runOnlyForDeploymentPostprocessing = 0;
		};
		B1CED2CB1D5D351A007460F1 /* Sources */ = {
			isa = PBXSourcesBuildPhase;
			buildActionMask = 2147483647;
			files = (
				B1CED2D41D5D351A007460F1 /* BluetoothTestTests.swift in Sources */,
			);
			runOnlyForDeploymentPostprocessing = 0;
		};
		B1CED2D61D5D351A007460F1 /* Sources */ = {
			isa = PBXSourcesBuildPhase;
			buildActionMask = 2147483647;
			files = (
				B1CED2DF1D5D351A007460F1 /* BluetoothTestUITests.swift in Sources */,
			);
			runOnlyForDeploymentPostprocessing = 0;
		};
/* End PBXSourcesBuildPhase section */

/* Begin PBXTargetDependency section */
		B1CED2D11D5D351A007460F1 /* PBXTargetDependency */ = {
			isa = PBXTargetDependency;
			target = B1CED2BA1D5D351A007460F1 /* BluetoothTest */;
			targetProxy = B1CED2D01D5D351A007460F1 /* PBXContainerItemProxy */;
		};
		B1CED2DC1D5D351A007460F1 /* PBXTargetDependency */ = {
			isa = PBXTargetDependency;
			target = B1CED2BA1D5D351A007460F1 /* BluetoothTest */;
			targetProxy = B1CED2DB1D5D351A007460F1 /* PBXContainerItemProxy */;
		};
/* End PBXTargetDependency section */

/* Begin PBXVariantGroup section */
		B1CED2C21D5D351A007460F1 /* Main.storyboard */ = {
			isa = PBXVariantGroup;
			children = (
				B1CED2C31D5D351A007460F1 /* Base */,
			);
			name = Main.storyboard;
			sourceTree = "<group>";
		};
		B1CED2C71D5D351A007460F1 /* LaunchScreen.storyboard */ = {
			isa = PBXVariantGroup;
			children = (
				B1CED2C81D5D351A007460F1 /* Base */,
			);
			name = LaunchScreen.storyboard;
			sourceTree = "<group>";
		};
/* End PBXVariantGroup section */

/* Begin XCBuildConfiguration section */
		B1CED2E11D5D351A007460F1 /* Debug */ = {
			isa = XCBuildConfiguration;
			buildSettings = {
				ALWAYS_SEARCH_USER_PATHS = NO;
				CLANG_ANALYZER_NONNULL = YES;
				CLANG_CXX_LANGUAGE_STANDARD = "gnu++0x";
				CLANG_CXX_LIBRARY = "libc++";
				CLANG_ENABLE_MODULES = YES;
				CLANG_ENABLE_OBJC_ARC = YES;
				CLANG_WARN_BOOL_CONVERSION = YES;
				CLANG_WARN_CONSTANT_CONVERSION = YES;
				CLANG_WARN_DIRECT_OBJC_ISA_USAGE = YES_ERROR;
				CLANG_WARN_EMPTY_BODY = YES;
				CLANG_WARN_ENUM_CONVERSION = YES;
				CLANG_WARN_INT_CONVERSION = YES;
				CLANG_WARN_OBJC_ROOT_CLASS = YES_ERROR;
				CLANG_WARN_UNREACHABLE_CODE = YES;
				CLANG_WARN__DUPLICATE_METHOD_MATCH = YES;
				"CODE_SIGN_IDENTITY[sdk=iphoneos*]" = "iPhone Developer";
				COPY_PHASE_STRIP = NO;
				DEBUG_INFORMATION_FORMAT = dwarf;
				ENABLE_STRICT_OBJC_MSGSEND = YES;
				ENABLE_TESTABILITY = YES;
				GCC_C_LANGUAGE_STANDARD = gnu99;
				GCC_DYNAMIC_NO_PIC = NO;
				GCC_NO_COMMON_BLOCKS = YES;
				GCC_OPTIMIZATION_LEVEL = 0;
				GCC_PREPROCESSOR_DEFINITIONS = (
					"DEBUG=1",
					"$(inherited)",
				);
				GCC_WARN_64_TO_32_BIT_CONVERSION = YES;
				GCC_WARN_ABOUT_RETURN_TYPE = YES_ERROR;
				GCC_WARN_UNDECLARED_SELECTOR = YES;
				GCC_WARN_UNINITIALIZED_AUTOS = YES_AGGRESSIVE;
				GCC_WARN_UNUSED_FUNCTION = YES;
				GCC_WARN_UNUSED_VARIABLE = YES;
				IPHONEOS_DEPLOYMENT_TARGET = 9.3;
				MTL_ENABLE_DEBUG_INFO = YES;
				ONLY_ACTIVE_ARCH = YES;
				SDKROOT = iphoneos;
				SWIFT_OPTIMIZATION_LEVEL = "-Onone";
				TARGETED_DEVICE_FAMILY = "1,2";
			};
			name = Debug;
		};
		B1CED2E21D5D351A007460F1 /* Release */ = {
			isa = XCBuildConfiguration;
			buildSettings = {
				ALWAYS_SEARCH_USER_PATHS = NO;
				CLANG_ANALYZER_NONNULL = YES;
				CLANG_CXX_LANGUAGE_STANDARD = "gnu++0x";
				CLANG_CXX_LIBRARY = "libc++";
				CLANG_ENABLE_MODULES = YES;
				CLANG_ENABLE_OBJC_ARC = YES;
				CLANG_WARN_BOOL_CONVERSION = YES;
				CLANG_WARN_CONSTANT_CONVERSION = YES;
				CLANG_WARN_DIRECT_OBJC_ISA_USAGE = YES_ERROR;
				CLANG_WARN_EMPTY_BODY = YES;
				CLANG_WARN_ENUM_CONVERSION = YES;
				CLANG_WARN_INT_CONVERSION = YES;
				CLANG_WARN_OBJC_ROOT_CLASS = YES_ERROR;
				CLANG_WARN_UNREACHABLE_CODE = YES;
				CLANG_WARN__DUPLICATE_METHOD_MATCH = YES;
				"CODE_SIGN_IDENTITY[sdk=iphoneos*]" = "iPhone Developer";
				COPY_PHASE_STRIP = NO;
				DEBUG_INFORMATION_FORMAT = "dwarf-with-dsym";
				ENABLE_NS_ASSERTIONS = NO;
				ENABLE_STRICT_OBJC_MSGSEND = YES;
				GCC_C_LANGUAGE_STANDARD = gnu99;
				GCC_NO_COMMON_BLOCKS = YES;
				GCC_WARN_64_TO_32_BIT_CONVERSION = YES;
				GCC_WARN_ABOUT_RETURN_TYPE = YES_ERROR;
				GCC_WARN_UNDECLARED_SELECTOR = YES;
				GCC_WARN_UNINITIALIZED_AUTOS = YES_AGGRESSIVE;
				GCC_WARN_UNUSED_FUNCTION = YES;
				GCC_WARN_UNUSED_VARIABLE = YES;
				IPHONEOS_DEPLOYMENT_TARGET = 9.3;
				MTL_ENABLE_DEBUG_INFO = NO;
				SDKROOT = iphoneos;
				TARGETED_DEVICE_FAMILY = "1,2";
				VALIDATE_PRODUCT = YES;
			};
			name = Release;
		};
		B1CED2E41D5D351A007460F1 /* Debug */ = {
			isa = XCBuildConfiguration;
			buildSettings = {
				ASSETCATALOG_COMPILER_APPICON_NAME = AppIcon;
				INFOPLIST_FILE = BluetoothTest/Info.plist;
				LD_RUNPATH_SEARCH_PATHS = "$(inherited) @executable_path/Frameworks";
				PRODUCT_BUNDLE_IDENTIFIER = lxing.BluetoothTest;
				PRODUCT_NAME = "$(TARGET_NAME)";
			};
			name = Debug;
		};
		B1CED2E51D5D351A007460F1 /* Release */ = {
			isa = XCBuildConfiguration;
			buildSettings = {
				ASSETCATALOG_COMPILER_APPICON_NAME = AppIcon;
				INFOPLIST_FILE = BluetoothTest/Info.plist;
				LD_RUNPATH_SEARCH_PATHS = "$(inherited) @executable_path/Frameworks";
				PRODUCT_BUNDLE_IDENTIFIER = lxing.BluetoothTest;
				PRODUCT_NAME = "$(TARGET_NAME)";
			};
			name = Release;
		};
		B1CED2E71D5D351A007460F1 /* Debug */ = {
			isa = XCBuildConfiguration;
			buildSettings = {
				BUNDLE_LOADER = "$(TEST_HOST)";
				INFOPLIST_FILE = BluetoothTestTests/Info.plist;
				LD_RUNPATH_SEARCH_PATHS = "$(inherited) @executable_path/Frameworks @loader_path/Frameworks";
				PRODUCT_BUNDLE_IDENTIFIER = lxing.BluetoothTestTests;
				PRODUCT_NAME = "$(TARGET_NAME)";
				TEST_HOST = "$(BUILT_PRODUCTS_DIR)/BluetoothTest.app/BluetoothTest";
			};
			name = Debug;
		};
		B1CED2E81D5D351A007460F1 /* Release */ = {
			isa = XCBuildConfiguration;
			buildSettings = {
				BUNDLE_LOADER = "$(TEST_HOST)";
				INFOPLIST_FILE = BluetoothTestTests/Info.plist;
				LD_RUNPATH_SEARCH_PATHS = "$(inherited) @executable_path/Frameworks @loader_path/Frameworks";
				PRODUCT_BUNDLE_IDENTIFIER = lxing.BluetoothTestTests;
				PRODUCT_NAME = "$(TARGET_NAME)";
				TEST_HOST = "$(BUILT_PRODUCTS_DIR)/BluetoothTest.app/BluetoothTest";
			};
			name = Release;
		};
		B1CED2EA1D5D351A007460F1 /* Debug */ = {
			isa = XCBuildConfiguration;
			buildSettings = {
				INFOPLIST_FILE = BluetoothTestUITests/Info.plist;
				LD_RUNPATH_SEARCH_PATHS = "$(inherited) @executable_path/Frameworks @loader_path/Frameworks";
				PRODUCT_BUNDLE_IDENTIFIER = lxing.BluetoothTestUITests;
				PRODUCT_NAME = "$(TARGET_NAME)";
				TEST_TARGET_NAME = BluetoothTest;
			};
			name = Debug;
		};
		B1CED2EB1D5D351A007460F1 /* Release */ = {
			isa = XCBuildConfiguration;
			buildSettings = {
				INFOPLIST_FILE = BluetoothTestUITests/Info.plist;
				LD_RUNPATH_SEARCH_PATHS = "$(inherited) @executable_path/Frameworks @loader_path/Frameworks";
				PRODUCT_BUNDLE_IDENTIFIER = lxing.BluetoothTestUITests;
				PRODUCT_NAME = "$(TARGET_NAME)";
				TEST_TARGET_NAME = BluetoothTest;
			};
			name = Release;
		};
/* End XCBuildConfiguration section */

/* Begin XCConfigurationList section */
		B1CED2B61D5D351A007460F1 /* Build configuration list for PBXProject "BluetoothTest" */ = {
			isa = XCConfigurationList;
			buildConfigurations = (
				B1CED2E11D5D351A007460F1 /* Debug */,
				B1CED2E21D5D351A007460F1 /* Release */,
			);
			defaultConfigurationIsVisible = 0;
			defaultConfigurationName = Release;
		};
		B1CED2E31D5D351A007460F1 /* Build configuration list for PBXNativeTarget "BluetoothTest" */ = {
			isa = XCConfigurationList;
			buildConfigurations = (
				B1CED2E41D5D351A007460F1 /* Debug */,
				B1CED2E51D5D351A007460F1 /* Release */,
			);
			defaultConfigurationIsVisible = 0;
		};
		B1CED2E61D5D351A007460F1 /* Build configuration list for PBXNativeTarget "BluetoothTestTests" */ = {
			isa = XCConfigurationList;
			buildConfigurations = (
				B1CED2E71D5D351A007460F1 /* Debug */,
				B1CED2E81D5D351A007460F1 /* Release */,
			);
			defaultConfigurationIsVisible = 0;
		};
		B1CED2E91D5D351A007460F1 /* Build configuration list for PBXNativeTarget "BluetoothTestUITests" */ = {
			isa = XCConfigurationList;
			buildConfigurations = (
				B1CED2EA1D5D351A007460F1 /* Debug */,
				B1CED2EB1D5D351A007460F1 /* Release */,
			);
			defaultConfigurationIsVisible = 0;
		};
/* End XCConfigurationList section */
	};
	rootObject = B1CED2B31D5D351A007460F1 /* Project object */;
}
